
Microsoft Visual Studio Solution File, Format Version 12.00
# Visual Studio Version 17
VisualStudioVersion = 17.0.32014.148
MinimumVisualStudioVersion = 10.0.40219.1
Project("{FAE04EC0-301F-11D3-BF4B-00C04F79EFBC}") = "ThomasMathLib", "ThomasMathLib\ThomasMathLib.csproj", "{AF22E320-79E9-45D6-A87A-D16E0350667C}"
EndProject
Project("{FAE04EC0-301F-11D3-BF4B-00C04F79EFBC}") = "ThomasMathLibTests", "ThomasMathLibTests\ThomasMathLibTests.csproj", "{6173F4BB-577D-4BDD-8987-C13FC7A985C9}"
EndProject
Global
	GlobalSection(SolutionConfigurationPlatforms) = preSolution
		Debug|Any CPU = Debug|Any CPU
		Release|Any CPU = Release|Any CPU
	EndGlobalSection
	GlobalSection(ProjectConfigurationPlatforms) = postSolution
		{AF22E320-79E9-45D6-A87A-D16E0350667C}.Debug|Any CPU.ActiveCfg = Debug|Any CPU
		{AF22E320-79E9-45D6-A87A-D16E0350667C}.Debug|Any CPU.Build.0 = Debug|Any CPU
		{AF22E320-79E9-45D6-A87A-D16E0350667C}.Release|Any CPU.ActiveCfg = Release|Any CPU
		{AF22E320-79E9-45D6-A87A-D16E0350667C}.Release|Any CPU.Build.0 = Release|Any CPU
		{6173F4BB-577D-4BDD-8987-C13FC7A985C9}.Debug|Any CPU.ActiveCfg = Debug|Any CPU
		{6173F4BB-577D-4BDD-8987-C13FC7A985C9}.Debug|Any CPU.Build.0 = Debug|Any CPU
		{6173F4BB-577D-4BDD-8987-C13FC7A985C9}.Release|Any CPU.ActiveCfg = Release|Any CPU
		{6173F4BB-577D-4BDD-8987-C13FC7A985C9}.Release|Any CPU.Build.0 = Release|Any CPU
	EndGlobalSection
	GlobalSection(SolutionProperties) = preSolution
		HideSolutionNode = FALSE
	EndGlobalSection
	GlobalSection(ExtensibilityGlobals) = postSolution
		SolutionGuid = {7711985C-798F-49F7-AB11-F6854DACF479}
	EndGlobalSection
EndGlobal
